
Microsoft Visual Studio Solution File, Format Version 12.00
# Visual Studio 14
VisualStudioVersion = 14.0.25420.1
MinimumVisualStudioVersion = 10.0.40219.1
Project("{FAE04EC0-301F-11D3-BF4B-00C04F79EFBC}") = "Esthetic", "esthetic\Esthetic.csproj", "{D5EBD29C-4EEC-4827-B017-7F72C3D2CD15}"
EndProject
Project("{FAE04EC0-301F-11D3-BF4B-00C04F79EFBC}") = "Object", "Object\Object.csproj", "{64D35C7D-2ED5-4083-8041-C459F825C027}"
EndProject
Project("{FAE04EC0-301F-11D3-BF4B-00C04F79EFBC}") = "DataAccess", "DataAccess\DataAccess.csproj", "{5BA7C315-706C-4E64-B37E-CFF2EDE9D0C8}"
EndProject
Project("{FAE04EC0-301F-11D3-BF4B-00C04F79EFBC}") = "ObjectMger", "ObjectMger\ObjectMger.csproj", "{768F6BF4-C6CC-4718-B507-8213F371FBAE}"
EndProject
Project("{FAE04EC0-301F-11D3-BF4B-00C04F79EFBC}") = "Utilities", "Utilities\Utilities.csproj", "{4CB51024-3488-4349-9C67-E615F8A96D53}"
EndProject
Global
	GlobalSection(SolutionConfigurationPlatforms) = preSolution
		Debug|Any CPU = Debug|Any CPU
		Release|Any CPU = Release|Any CPU
	EndGlobalSection
	GlobalSection(ProjectConfigurationPlatforms) = postSolution
		{D5EBD29C-4EEC-4827-B017-7F72C3D2CD15}.Debug|Any CPU.ActiveCfg = Debug|Any CPU
		{D5EBD29C-4EEC-4827-B017-7F72C3D2CD15}.Debug|Any CPU.Build.0 = Debug|Any CPU
		{D5EBD29C-4EEC-4827-B017-7F72C3D2CD15}.Release|Any CPU.ActiveCfg = Release|Any CPU
		{D5EBD29C-4EEC-4827-B017-7F72C3D2CD15}.Release|Any CPU.Build.0 = Release|Any CPU
		{64D35C7D-2ED5-4083-8041-C459F825C027}.Debug|Any CPU.ActiveCfg = Debug|Any CPU
		{64D35C7D-2ED5-4083-8041-C459F825C027}.Debug|Any CPU.Build.0 = Debug|Any CPU
		{64D35C7D-2ED5-4083-8041-C459F825C027}.Release|Any CPU.ActiveCfg = Release|Any CPU
		{64D35C7D-2ED5-4083-8041-C459F825C027}.Release|Any CPU.Build.0 = Release|Any CPU
		{5BA7C315-706C-4E64-B37E-CFF2EDE9D0C8}.Debug|Any CPU.ActiveCfg = Debug|Any CPU
		{5BA7C315-706C-4E64-B37E-CFF2EDE9D0C8}.Debug|Any CPU.Build.0 = Debug|Any CPU
		{5BA7C315-706C-4E64-B37E-CFF2EDE9D0C8}.Release|Any CPU.ActiveCfg = Release|Any CPU
		{5BA7C315-706C-4E64-B37E-CFF2EDE9D0C8}.Release|Any CPU.Build.0 = Release|Any CPU
		{768F6BF4-C6CC-4718-B507-8213F371FBAE}.Debug|Any CPU.ActiveCfg = Debug|Any CPU
		{768F6BF4-C6CC-4718-B507-8213F371FBAE}.Debug|Any CPU.Build.0 = Debug|Any CPU
		{768F6BF4-C6CC-4718-B507-8213F371FBAE}.Release|Any CPU.ActiveCfg = Release|Any CPU
		{768F6BF4-C6CC-4718-B507-8213F371FBAE}.Release|Any CPU.Build.0 = Release|Any CPU
		{4CB51024-3488-4349-9C67-E615F8A96D53}.Debug|Any CPU.ActiveCfg = Debug|Any CPU
		{4CB51024-3488-4349-9C67-E615F8A96D53}.Debug|Any CPU.Build.0 = Debug|Any CPU
		{4CB51024-3488-4349-9C67-E615F8A96D53}.Release|Any CPU.ActiveCfg = Release|Any CPU
		{4CB51024-3488-4349-9C67-E615F8A96D53}.Release|Any CPU.Build.0 = Release|Any CPU
	EndGlobalSection
	GlobalSection(SolutionProperties) = preSolution
		HideSolutionNode = FALSE
	EndGlobalSection
EndGlobal
